{
  "version": "3",
  "packages": {
    "specifiers": {
      "npm:@jsr/std__assert@^1.0.0-rc.2": "npm:@jsr/std__assert@1.0.0-rc.2",
      "npm:@jsr/std__cli@^1.0.0-rc.1": "npm:@jsr/std__cli@1.0.0-rc.2",
      "npm:@jsr/std__crypto@^1.0.0-rc.1": "npm:@jsr/std__crypto@1.0.0-rc.1",
      "npm:@jsr/std__encoding@^1.0.0-rc.2": "npm:@jsr/std__encoding@1.0.0-rc.2",
      "npm:@jsr/std__fmt@^0.225.4": "npm:@jsr/std__fmt@0.225.4",
      "npm:@jsr/std__http@^0.224.5": "npm:@jsr/std__http@0.224.5",
      "npm:@jsr/std__ini@^0.225.1": "npm:@jsr/std__ini@0.225.1",
      "npm:@jsr/std__media-types@^1.0.0-rc.1": "npm:@jsr/std__media-types@1.0.0-rc.1",
      "npm:@jsr/std__path@^1.0.0-rc.2": "npm:@jsr/std__path@1.0.0-rc.2",
      "npm:@noble/ciphers@^0.5.3": "npm:@noble/ciphers@0.5.3",
      "npm:@noble/hashes@^1.4.0": "npm:@noble/hashes@1.4.0",
      "npm:@sntran/html-rewriter@^0.2.0": "npm:@sntran/html-rewriter@0.2.0",
      "npm:@sntran/serve@^0.0.1": "npm:@sntran/serve@0.0.1",
      "npm:aes-js@^3.1.2": "npm:aes-js@3.1.2",
      "npm:base32-decode@^1.0.0": "npm:base32-decode@1.0.0",
      "npm:base32-encode@^2.0.0": "npm:base32-encode@2.0.0",
      "npm:fast-check@^3.19.0": "npm:fast-check@3.19.0",
      "npm:wrangler@^3.62.0": "npm:wrangler@3.62.0_esbuild@0.17.19"
    },
    "npm": {
      "@cloudflare/kv-asset-handler@0.3.4": {
        "integrity": "sha512-YLPHc8yASwjNkmcDMQMY35yiWjoKAKnhUbPRszBRS0YgH+IXtsMp61j+yTcnCE3oO2DgP0U3iejLC8FTtKDC8Q==",
        "dependencies": {
          "mime": "mime@3.0.0"
        }
      },
      "@cloudflare/workerd-darwin-64@1.20240620.1": {
        "integrity": "sha512-YWeS2aE8jAzDefuus/3GmZcFGu3Ef94uCAoxsQuaEXNsiGM9NeAhPpKC1BJAlcv168U/Q1J+6hckcGtipf6ZcQ==",
        "dependencies": {}
      },
      "@cloudflare/workerd-darwin-arm64@1.20240620.1": {
        "integrity": "sha512-3rdND+EHpmCrwYX6hvxIBSBJ0f40tRNxond1Vfw7GiR1MJVi3gragiBx75UDFHCxfRw3J0GZ1qVlkRce2/Xbsg==",
        "dependencies": {}
      },
      "@cloudflare/workerd-linux-64@1.20240620.1": {
        "integrity": "sha512-tURcTrXGeSbYqeM5ISVcofY20StKbVIcdxjJvNYNZ+qmSV9Fvn+zr7rRE+q64pEloVZfhsEPAlUCnFso5VV4XQ==",
        "dependencies": {}
      },
      "@cloudflare/workerd-linux-arm64@1.20240620.1": {
        "integrity": "sha512-TThvkwNxaZFKhHZnNjOGqIYCOk05DDWgO+wYMuXg15ymN/KZPnCicRAkuyqiM+R1Fgc4kwe/pehjP8pbmcf6sg==",
        "dependencies": {}
      },
      "@cloudflare/workerd-windows-64@1.20240620.1": {
        "integrity": "sha512-Y/BA9Yj0r7Al1HK3nDHcfISgFllw6NR3XMMPChev57vrVT9C9D4erBL3sUBfofHU+2U9L+ShLsl6obBpe3vvUw==",
        "dependencies": {}
      },
      "@cspotcode/source-map-support@0.8.1": {
        "integrity": "sha512-IchNf6dN4tHoMFIn/7OE8LWZ19Y6q/67Bmf6vnGREv8RSbBVb9LPJxEcnwrcwX6ixSvaiGoomAUvu4YSxXrVgw==",
        "dependencies": {
          "@jridgewell/trace-mapping": "@jridgewell/trace-mapping@0.3.9"
        }
      },
      "@esbuild-plugins/node-globals-polyfill@0.2.3_esbuild@0.17.19": {
        "integrity": "sha512-r3MIryXDeXDOZh7ih1l/yE9ZLORCd5e8vWg02azWRGj5SPTuoh69A2AIyn0Z31V/kHBfZ4HgWJ+OK3GTTwLmnw==",
        "dependencies": {
          "esbuild": "esbuild@0.17.19"
        }
      },
      "@esbuild-plugins/node-modules-polyfill@0.2.2_esbuild@0.17.19": {
        "integrity": "sha512-LXV7QsWJxRuMYvKbiznh+U1ilIop3g2TeKRzUxOG5X3YITc8JyyTa90BmLwqqv0YnX4v32CSlG+vsziZp9dMvA==",
        "dependencies": {
          "esbuild": "esbuild@0.17.19",
          "escape-string-regexp": "escape-string-regexp@4.0.0",
          "rollup-plugin-node-polyfills": "rollup-plugin-node-polyfills@0.2.1"
        }
      },
      "@esbuild/android-arm64@0.17.19": {
        "integrity": "sha512-KBMWvEZooR7+kzY0BtbTQn0OAYY7CsiydT63pVEaPtVYF0hXbUaOyZog37DKxK7NF3XacBJOpYT4adIJh+avxA==",
        "dependencies": {}
      },
      "@esbuild/android-arm@0.17.19": {
        "integrity": "sha512-rIKddzqhmav7MSmoFCmDIb6e2W57geRsM94gV2l38fzhXMwq7hZoClug9USI2pFRGL06f4IOPHHpFNOkWieR8A==",
        "dependencies": {}
      },
      "@esbuild/android-x64@0.17.19": {
        "integrity": "sha512-uUTTc4xGNDT7YSArp/zbtmbhO0uEEK9/ETW29Wk1thYUJBz3IVnvgEiEwEa9IeLyvnpKrWK64Utw2bgUmDveww==",
        "dependencies": {}
      },
      "@esbuild/darwin-arm64@0.17.19": {
        "integrity": "sha512-80wEoCfF/hFKM6WE1FyBHc9SfUblloAWx6FJkFWTWiCoht9Mc0ARGEM47e67W9rI09YoUxJL68WHfDRYEAvOhg==",
        "dependencies": {}
      },
      "@esbuild/darwin-x64@0.17.19": {
        "integrity": "sha512-IJM4JJsLhRYr9xdtLytPLSH9k/oxR3boaUIYiHkAawtwNOXKE8KoU8tMvryogdcT8AU+Bflmh81Xn6Q0vTZbQw==",
        "dependencies": {}
      },
      "@esbuild/freebsd-arm64@0.17.19": {
        "integrity": "sha512-pBwbc7DufluUeGdjSU5Si+P3SoMF5DQ/F/UmTSb8HXO80ZEAJmrykPyzo1IfNbAoaqw48YRpv8shwd1NoI0jcQ==",
        "dependencies": {}
      },
      "@esbuild/freebsd-x64@0.17.19": {
        "integrity": "sha512-4lu+n8Wk0XlajEhbEffdy2xy53dpR06SlzvhGByyg36qJw6Kpfk7cp45DR/62aPH9mtJRmIyrXAS5UWBrJT6TQ==",
        "dependencies": {}
      },
      "@esbuild/linux-arm64@0.17.19": {
        "integrity": "sha512-ct1Tg3WGwd3P+oZYqic+YZF4snNl2bsnMKRkb3ozHmnM0dGWuxcPTTntAF6bOP0Sp4x0PjSF+4uHQ1xvxfRKqg==",
        "dependencies": {}
      },
      "@esbuild/linux-arm@0.17.19": {
        "integrity": "sha512-cdmT3KxjlOQ/gZ2cjfrQOtmhG4HJs6hhvm3mWSRDPtZ/lP5oe8FWceS10JaSJC13GBd4eH/haHnqf7hhGNLerA==",
        "dependencies": {}
      },
      "@esbuild/linux-ia32@0.17.19": {
        "integrity": "sha512-w4IRhSy1VbsNxHRQpeGCHEmibqdTUx61Vc38APcsRbuVgK0OPEnQ0YD39Brymn96mOx48Y2laBQGqgZ0j9w6SQ==",
        "dependencies": {}
      },
      "@esbuild/linux-loong64@0.17.19": {
        "integrity": "sha512-2iAngUbBPMq439a+z//gE+9WBldoMp1s5GWsUSgqHLzLJ9WoZLZhpwWuym0u0u/4XmZ3gpHmzV84PonE+9IIdQ==",
        "dependencies": {}
      },
      "@esbuild/linux-mips64el@0.17.19": {
        "integrity": "sha512-LKJltc4LVdMKHsrFe4MGNPp0hqDFA1Wpt3jE1gEyM3nKUvOiO//9PheZZHfYRfYl6AwdTH4aTcXSqBerX0ml4A==",
        "dependencies": {}
      },
      "@esbuild/linux-ppc64@0.17.19": {
        "integrity": "sha512-/c/DGybs95WXNS8y3Ti/ytqETiW7EU44MEKuCAcpPto3YjQbyK3IQVKfF6nbghD7EcLUGl0NbiL5Rt5DMhn5tg==",
        "dependencies": {}
      },
      "@esbuild/linux-riscv64@0.17.19": {
        "integrity": "sha512-FC3nUAWhvFoutlhAkgHf8f5HwFWUL6bYdvLc/TTuxKlvLi3+pPzdZiFKSWz/PF30TB1K19SuCxDTI5KcqASJqA==",
        "dependencies": {}
      },
      "@esbuild/linux-s390x@0.17.19": {
        "integrity": "sha512-IbFsFbxMWLuKEbH+7sTkKzL6NJmG2vRyy6K7JJo55w+8xDk7RElYn6xvXtDW8HCfoKBFK69f3pgBJSUSQPr+4Q==",
        "dependencies": {}
      },
      "@esbuild/linux-x64@0.17.19": {
        "integrity": "sha512-68ngA9lg2H6zkZcyp22tsVt38mlhWde8l3eJLWkyLrp4HwMUr3c1s/M2t7+kHIhvMjglIBrFpncX1SzMckomGw==",
        "dependencies": {}
      },
      "@esbuild/netbsd-x64@0.17.19": {
        "integrity": "sha512-CwFq42rXCR8TYIjIfpXCbRX0rp1jo6cPIUPSaWwzbVI4aOfX96OXY8M6KNmtPcg7QjYeDmN+DD0Wp3LaBOLf4Q==",
        "dependencies": {}
      },
      "@esbuild/openbsd-x64@0.17.19": {
        "integrity": "sha512-cnq5brJYrSZ2CF6c35eCmviIN3k3RczmHz8eYaVlNasVqsNY+JKohZU5MKmaOI+KkllCdzOKKdPs762VCPC20g==",
        "dependencies": {}
      },
      "@esbuild/sunos-x64@0.17.19": {
        "integrity": "sha512-vCRT7yP3zX+bKWFeP/zdS6SqdWB8OIpaRq/mbXQxTGHnIxspRtigpkUcDMlSCOejlHowLqII7K2JKevwyRP2rg==",
        "dependencies": {}
      },
      "@esbuild/win32-arm64@0.17.19": {
        "integrity": "sha512-yYx+8jwowUstVdorcMdNlzklLYhPxjniHWFKgRqH7IFlUEa0Umu3KuYplf1HUZZ422e3NU9F4LGb+4O0Kdcaag==",
        "dependencies": {}
      },
      "@esbuild/win32-ia32@0.17.19": {
        "integrity": "sha512-eggDKanJszUtCdlVs0RB+h35wNlb5v4TWEkq4vZcmVt5u/HiDZrTXe2bWFQUez3RgNHwx/x4sk5++4NSSicKkw==",
        "dependencies": {}
      },
      "@esbuild/win32-x64@0.17.19": {
        "integrity": "sha512-lAhycmKnVOuRYNtRtatQR1LPQf2oYCkRGkSFnseDAKPl8lu5SOsK/e1sXe5a0Pc5kHIHe6P2I/ilntNv2xf3cA==",
        "dependencies": {}
      },
      "@fastify/busboy@2.1.1": {
        "integrity": "sha512-vBZP4NlzfOlerQTnba4aqZoMhE/a9HY7HRqoOPaETQcSQuWEIyZMHGfVu6w9wGtGK5fED5qRs2DteVCjOH60sA==",
        "dependencies": {}
      },
      "@jridgewell/resolve-uri@3.1.2": {
        "integrity": "sha512-bRISgCIjP20/tbWSPWMEi54QVPRZExkuD9lJL+UIxUKtwVJA8wW1Trb1jMs1RFXo1CBTNZ/5hpC9QvmKWdopKw==",
        "dependencies": {}
      },
      "@jridgewell/sourcemap-codec@1.4.15": {
        "integrity": "sha512-eF2rxCRulEKXHTRiDrDy6erMYWqNw4LPdQ8UQA4huuxaQsVeRPFl2oM8oDGxMFhJUWZf9McpLtJasDDZb/Bpeg==",
        "dependencies": {}
      },
      "@jridgewell/trace-mapping@0.3.9": {
        "integrity": "sha512-3Belt6tdc8bPgAtbcmdtNJlirVoTmEb5e2gC94PnkwEW9jI6CAHUeoG85tjWP5WquqfavoMtMwiG4P926ZKKuQ==",
        "dependencies": {
          "@jridgewell/resolve-uri": "@jridgewell/resolve-uri@3.1.2",
          "@jridgewell/sourcemap-codec": "@jridgewell/sourcemap-codec@1.4.15"
        }
      },
      "@jsr/std__assert@1.0.0-rc.2": {
        "integrity": "sha512-5ABr022bTpmYxOnbe9sIuxspk6HEmHOvifncPVigND27j+OHjvPwPRijsLnG/H9wZXS9CPeNRiHvrxw2WLGQiQ==",
        "dependencies": {
          "@jsr/std__internal": "@jsr/std__internal@1.0.0"
        }
      },
      "@jsr/std__async@1.0.0-rc.2": {
        "integrity": "sha512-mW3WDco4WkcsVhuwWRRRMSOW2odyXb1O80TMnfFjJZbxmlVXZKZmR9RkJvSQv8BcxopdZ3JCigkHNEmtRFsTXQ==",
        "dependencies": {}
      },
      "@jsr/std__bytes@1.0.0-rc.3": {
        "integrity": "sha512-4cHQrAO+8e6YcJVNHiPvkX9LVPhy4ugiatYUZnZ5kO1JG2dZia6wu9dYEsL6pInUQuBx9tFcPIowc0YmeNP+CQ==",
        "dependencies": {}
      },
      "@jsr/std__cli@0.224.7": {
        "integrity": "sha512-SSE7AMT/nqTUKeQXB+PZcmD6L5IjsOFDQdm88Ik2o6P4gS+gXewLMPZJu/X/gaOH5ux2C4xZ26Dgp3vCAIuB4g==",
        "dependencies": {}
      },
      "@jsr/std__cli@1.0.0-rc.2": {
        "integrity": "sha512-NTWS1dy5bbv8vnQNowF89nm2673YeBPRZg0mHoIpZapHQzooKCprJR/uZ+sGGioyMKRdB7TWXB4pcD7PKH1T8g==",
        "dependencies": {}
      },
      "@jsr/std__crypto@1.0.0-rc.1": {
        "integrity": "sha512-HdqxgBx468H2ePsUUEYh4dyABELe1qxt4r2qK4UAR4gBrLxPRMBmAkZD0E7n/kUYA7+LTtLZ7OOhjZoQ9PPgrQ==",
        "dependencies": {}
      },
      "@jsr/std__encoding@1.0.0-rc.2": {
        "integrity": "sha512-ISvxD+exWVg/aESN3G1Tr0oszHRgUEEK1JjiRcuyCtd1uqSGXXMAoswYlYvPwA6mxZ7FQbFSZEbP3tN2J+fIUQ==",
        "dependencies": {}
      },
      "@jsr/std__fmt@0.225.4": {
        "integrity": "sha512-lb8QcV3YnAu3GsrG7wd51Fb56RxOBp4szMRS/TCLnQptmF0Rd0v8ksQeTHmGkuD6MY/V8gEy/Sj0qulRvR9lqQ==",
        "dependencies": {}
      },
      "@jsr/std__http@0.224.5": {
        "integrity": "sha512-PomDgsxwBoCkqTCG7e1Sz4QCAgNFhEGf71GWNercppQlgKtzp6zxsDgcJ4+vrqHIq5W8L1eqJWiceNkUUkMZjQ==",
        "dependencies": {
          "@jsr/std__async": "@jsr/std__async@1.0.0-rc.2",
          "@jsr/std__cli": "@jsr/std__cli@0.224.7",
          "@jsr/std__encoding": "@jsr/std__encoding@1.0.0-rc.2",
          "@jsr/std__fmt": "@jsr/std__fmt@0.225.4",
          "@jsr/std__media-types": "@jsr/std__media-types@1.0.0-rc.1",
          "@jsr/std__net": "@jsr/std__net@0.224.3",
          "@jsr/std__path": "@jsr/std__path@1.0.0-rc.2",
          "@jsr/std__streams": "@jsr/std__streams@0.224.5"
        }
      },
      "@jsr/std__ini@0.225.1": {
        "integrity": "sha512-K23bS0WRbZ2riDg9jQMnaJW4uW/KaQpFJZRmv8cGDL+7JhmMkI+yC3wm8zGxctggPR1+pxIXH0WmK44CbGkORQ==",
        "dependencies": {}
      },
      "@jsr/std__internal@1.0.0": {
        "integrity": "sha512-6kp0FsXcHW4QvGYpOPAtglYSh/813OYKBP7RlH8VCaMyKwnWcRvcH+fhVc92RQ1a39Gh2XDwD6WGRYaFXZJxGw==",
        "dependencies": {}
      },
      "@jsr/std__io@0.224.2": {
        "integrity": "sha512-7IbtJWWM13TaXkZR3jL0LLkAbEaublLR6WSMZuzg58IACDGnzcmxKlI57KjEBTuawX4u6x7g8f6zRleuRpSXVA==",
        "dependencies": {
          "@jsr/std__bytes": "@jsr/std__bytes@1.0.0-rc.3"
        }
      },
      "@jsr/std__media-types@1.0.0-rc.1": {
        "integrity": "sha512-0UdhqMLempJi8rHXJ4xSsRs79gMIm+X8/jAcBxUa9sdbsRALM148t/c2JIRWN4S58LQVBRHNK3WYd/YgR4fLNA==",
        "dependencies": {}
      },
      "@jsr/std__net@0.224.3": {
        "integrity": "sha512-67B6bpkMjNSWtEPLy/k4OpuCb65w+L0mf9Amp1E2uUs4nt31vZZazW8IUykE9+1sv0tDVxa8nFZ2p9VwdiLXaA==",
        "dependencies": {}
      },
      "@jsr/std__path@1.0.0-rc.2": {
        "integrity": "sha512-qUHfVMqAtMGPFmdkOfmkCONqgpe4UFVAaD+wL6ZdlQxtvQiNxHQWsje+djri+0095s/kkoBOPH4CpYxBq+zh3A==",
        "dependencies": {}
      },
      "@jsr/std__streams@0.224.5": {
        "integrity": "sha512-LWs0LfBcyj4VzE3ff1cwoEyJ3AkoIT3CQubxeA0YQr3KEC/c6xB9Rq9nVit8gZ8RgtbMDlyfPtN1MkwTgPFj+g==",
        "dependencies": {
          "@jsr/std__bytes": "@jsr/std__bytes@1.0.0-rc.3",
          "@jsr/std__io": "@jsr/std__io@0.224.2"
        }
      },
      "@noble/ciphers@0.5.3": {
        "integrity": "sha512-B0+6IIHiqEs3BPMT0hcRmHvEj2QHOLu+uwt+tqDDeVd0oyVzh7BPrDcPjRnV1PV/5LaknXJJQvOuRGR0zQJz+w==",
        "dependencies": {}
      },
      "@noble/hashes@1.4.0": {
        "integrity": "sha512-V1JJ1WTRUqHHrOSh597hURcMqVKVGL/ea3kv0gSnEdsEZ0/+VyPghM1lMNGc00z7CIQorSvbKpuJkxvuHbvdbg==",
        "dependencies": {}
      },
      "@sntran/html-rewriter@0.2.0": {
        "integrity": "sha512-jK3XgNC9snm630DhVcaiyzziUV+RWJEaB0gxl+eqLw740NRnTTp0/ywmCbYeFMGc3BDUdy8Tn8Txj1gmIi6fBg==",
        "dependencies": {
          "html-rewriter-wasm": "html-rewriter-wasm@0.4.1"
        }
      },
      "@sntran/serve@0.0.1": {
        "integrity": "sha512-yejSB/mTWeRg7fK++lLZcz5Av407HZ7VN4l84FxxpCoERpGRL1fP43wNeRC4xeup7xPtnHXsjinxz6xEByglNA==",
        "dependencies": {}
      },
      "@types/node-forge@1.3.11": {
        "integrity": "sha512-FQx220y22OKNTqaByeBGqHWYz4cl94tpcxeFdvBo3wjG6XPBuZ0BNgNZRV5J5TFmmcsJ4IzsLkmGRiQbnYsBEQ==",
        "dependencies": {
          "@types/node": "@types/node@18.16.19"
        }
      },
      "@types/node@18.16.19": {
        "integrity": "sha512-IXl7o+R9iti9eBW4Wg2hx1xQDig183jj7YLn8F7udNceyfkbn1ZxmzZXuak20gR40D7pIkIY1kYGx5VIGbaHKA==",
        "dependencies": {}
      },
      "acorn-walk@8.3.3": {
        "integrity": "sha512-MxXdReSRhGO7VlFe1bRG/oI7/mdLV9B9JJT0N8vZOhF7gFRR5l3M8W9G8JxmKV+JC5mGqJ0QvqfSOLsCPa4nUw==",
        "dependencies": {
          "acorn": "acorn@8.12.0"
        }
      },
      "acorn@8.12.0": {
        "integrity": "sha512-RTvkC4w+KNXrM39/lWCUaG0IbRkWdCv7W/IOW9oU6SawyxulvkQy5HQPVTKxEjczcUvapcrw3cFx/60VN/NRNw==",
        "dependencies": {}
      },
      "aes-js@3.1.2": {
        "integrity": "sha512-e5pEa2kBnBOgR4Y/p20pskXI74UEz7de8ZGVo58asOtvSVG5YAbJeELPZxOmt+Bnz3rX753YKhfIn4X4l1PPRQ==",
        "dependencies": {}
      },
      "anymatch@3.1.3": {
        "integrity": "sha512-KMReFUr0B4t+D+OBkjR3KYqvocp2XaSzO55UcB6mgQMd3KbcE+mWTyvVV7D/zsdEbNnV6acZUutkiHQXvTr1Rw==",
        "dependencies": {
          "normalize-path": "normalize-path@3.0.0",
          "picomatch": "picomatch@2.3.1"
        }
      },
      "as-table@1.0.55": {
        "integrity": "sha512-xvsWESUJn0JN421Xb9MQw6AsMHRCUknCe0Wjlxvjud80mU4E6hQf1A6NzQKcYNmYw62MfzEtXc+badstZP3JpQ==",
        "dependencies": {
          "printable-characters": "printable-characters@1.0.42"
        }
      },
      "base32-decode@1.0.0": {
        "integrity": "sha512-KNWUX/R7wKenwE/G/qFMzGScOgVntOmbE27vvc6GrniDGYb6a5+qWcuoXl8WIOQL7q0TpK7nZDm1Y04Yi3Yn5g==",
        "dependencies": {}
      },
      "base32-encode@2.0.0": {
        "integrity": "sha512-mlmkfc2WqdDtMl/id4qm3A7RjW6jxcbAoMjdRmsPiwQP0ufD4oXItYMnPgVHe80lnAIy+1xwzhHE1s4FoIceSw==",
        "dependencies": {
          "to-data-view": "to-data-view@2.0.0"
        }
      },
      "binary-extensions@2.3.0": {
        "integrity": "sha512-Ceh+7ox5qe7LJuLHoY0feh3pHuUDHAcRUeyL2VYghZwfpkNIy/+8Ocg0a3UuSoYzavmylwuLWQOf3hl0jjMMIw==",
        "dependencies": {}
      },
      "blake3-wasm@2.1.5": {
        "integrity": "sha512-F1+K8EbfOZE49dtoPtmxUQrpXaBIl3ICvasLh+nJta0xkz+9kF/7uet9fLnwKqhDrmj6g+6K3Tw9yQPUg2ka5g==",
        "dependencies": {}
      },
      "braces@3.0.3": {
        "integrity": "sha512-yQbXgO/OSZVD2IsiLlro+7Hf6Q18EJrKSEsdoMzKePKXct3gvD8oLcOQdIzGupr5Fj+EDe8gO/lxc1BzfMpxvA==",
        "dependencies": {
          "fill-range": "fill-range@7.1.1"
        }
      },
      "capnp-ts@0.7.0": {
        "integrity": "sha512-XKxXAC3HVPv7r674zP0VC3RTXz+/JKhfyw94ljvF80yynK6VkTnqE3jMuN8b3dUVmmc43TjyxjW4KTsmB3c86g==",
        "dependencies": {
          "debug": "debug@4.3.5",
          "tslib": "tslib@2.6.3"
        }
      },
      "chokidar@3.6.0": {
        "integrity": "sha512-7VT13fmjotKpGipCW9JEQAusEPE+Ei8nl6/g4FBAmIm0GOOLMua9NDDo/DWp0ZAxCr3cPq5ZpBqmPAQgDda2Pw==",
        "dependencies": {
          "anymatch": "anymatch@3.1.3",
          "braces": "braces@3.0.3",
          "fsevents": "fsevents@2.3.3",
          "glob-parent": "glob-parent@5.1.2",
          "is-binary-path": "is-binary-path@2.1.0",
          "is-glob": "is-glob@4.0.3",
          "normalize-path": "normalize-path@3.0.0",
          "readdirp": "readdirp@3.6.0"
        }
      },
      "consola@3.2.3": {
        "integrity": "sha512-I5qxpzLv+sJhTVEoLYNcTW+bThDCPsit0vLNKShZx6rLtpilNpmmeTPaeqJb9ZE9dV3DGaeby6Vuhrw38WjeyQ==",
        "dependencies": {}
      },
      "cookie@0.5.0": {
        "integrity": "sha512-YZ3GUyn/o8gfKJlnlX7g7xq4gyO6OSuhGPKaaGssGB2qgDUS0gPgtTvoyZLTt9Ab6dC4hfc9dV5arkvc/OCmrw==",
        "dependencies": {}
      },
      "data-uri-to-buffer@2.0.2": {
        "integrity": "sha512-ND9qDTLc6diwj+Xe5cdAgVTbLVdXbtxTJRXRhli8Mowuaan+0EJOtdqJ0QCHNSSPyoXGx9HX2/VMnKeC34AChA==",
        "dependencies": {}
      },
      "date-fns@3.6.0": {
        "integrity": "sha512-fRHTG8g/Gif+kSh50gaGEdToemgfj74aRX3swtiouboip5JDLAyDE9F11nHMIcvOaXeOC6D7SpNhi7uFyB7Uww==",
        "dependencies": {}
      },
      "debug@4.3.5": {
        "integrity": "sha512-pt0bNEmneDIvdL1Xsd9oDQ/wrQRkXDT4AUWlNZNPKvW5x/jyO9VFXkJUP07vQ2upmw5PlaITaPKc31jK13V+jg==",
        "dependencies": {
          "ms": "ms@2.1.2"
        }
      },
      "defu@6.1.4": {
        "integrity": "sha512-mEQCMmwJu317oSz8CwdIOdwf3xMif1ttiM8LTufzc3g6kR+9Pe236twL8j3IYT1F7GfRgGcW6MWxzZjLIkuHIg==",
        "dependencies": {}
      },
      "esbuild@0.17.19": {
        "integrity": "sha512-XQ0jAPFkK/u3LcVRcvVHQcTIqD6E2H1fvZMA5dQPSOWb3suUbWbfbRf94pjc0bNzRYLfIrDRQXr7X+LHIm5oHw==",
        "dependencies": {
          "@esbuild/android-arm": "@esbuild/android-arm@0.17.19",
          "@esbuild/android-arm64": "@esbuild/android-arm64@0.17.19",
          "@esbuild/android-x64": "@esbuild/android-x64@0.17.19",
          "@esbuild/darwin-arm64": "@esbuild/darwin-arm64@0.17.19",
          "@esbuild/darwin-x64": "@esbuild/darwin-x64@0.17.19",
          "@esbuild/freebsd-arm64": "@esbuild/freebsd-arm64@0.17.19",
          "@esbuild/freebsd-x64": "@esbuild/freebsd-x64@0.17.19",
          "@esbuild/linux-arm": "@esbuild/linux-arm@0.17.19",
          "@esbuild/linux-arm64": "@esbuild/linux-arm64@0.17.19",
          "@esbuild/linux-ia32": "@esbuild/linux-ia32@0.17.19",
          "@esbuild/linux-loong64": "@esbuild/linux-loong64@0.17.19",
          "@esbuild/linux-mips64el": "@esbuild/linux-mips64el@0.17.19",
          "@esbuild/linux-ppc64": "@esbuild/linux-ppc64@0.17.19",
          "@esbuild/linux-riscv64": "@esbuild/linux-riscv64@0.17.19",
          "@esbuild/linux-s390x": "@esbuild/linux-s390x@0.17.19",
          "@esbuild/linux-x64": "@esbuild/linux-x64@0.17.19",
          "@esbuild/netbsd-x64": "@esbuild/netbsd-x64@0.17.19",
          "@esbuild/openbsd-x64": "@esbuild/openbsd-x64@0.17.19",
          "@esbuild/sunos-x64": "@esbuild/sunos-x64@0.17.19",
          "@esbuild/win32-arm64": "@esbuild/win32-arm64@0.17.19",
          "@esbuild/win32-ia32": "@esbuild/win32-ia32@0.17.19",
          "@esbuild/win32-x64": "@esbuild/win32-x64@0.17.19"
        }
      },
      "escape-string-regexp@4.0.0": {
        "integrity": "sha512-TtpcNJ3XAzx3Gq8sWRzJaVajRs0uVxA2YAkdb1jm2YkPz4G6egUFAyA3n5vtEIZefPk5Wa4UXbKuS5fKkJWdgA==",
        "dependencies": {}
      },
      "estree-walker@0.6.1": {
        "integrity": "sha512-SqmZANLWS0mnatqbSfRP5g8OXZC12Fgg1IwNtLsyHDzJizORW4khDfjPqJZsemPWBB2uqykUah5YpQ6epsqC/w==",
        "dependencies": {}
      },
      "exit-hook@2.2.1": {
        "integrity": "sha512-eNTPlAD67BmP31LDINZ3U7HSF8l57TxOY2PmBJ1shpCvpnxBF93mWCE8YHBnXs8qiUZJc9WDcWIeC3a2HIAMfw==",
        "dependencies": {}
      },
      "fast-check@3.19.0": {
        "integrity": "sha512-CO2JX/8/PT9bDGO1iXa5h5ey1skaKI1dvecERyhH4pp3PGjwd3KIjMAXEg79Ps9nclsdt4oPbfqiAnLU0EwrAQ==",
        "dependencies": {
          "pure-rand": "pure-rand@6.1.0"
        }
      },
      "fill-range@7.1.1": {
        "integrity": "sha512-YsGpe3WHLK8ZYi4tWDg2Jy3ebRz2rXowDxnld4bkQB00cc/1Zw9AWnC0i9ztDJitivtQvaI9KaLyKrc+hBW0yg==",
        "dependencies": {
          "to-regex-range": "to-regex-range@5.0.1"
        }
      },
      "fsevents@2.3.3": {
        "integrity": "sha512-5xoDfX+fL7faATnagmWPpbFtwh/R77WmMMqqHGS65C3vvB0YHrgF+B1YmZ3441tMj5n63k0212XNoJwzlhffQw==",
        "dependencies": {}
      },
      "function-bind@1.1.2": {
        "integrity": "sha512-7XHNxH7qX9xG5mIwxkhumTox/MIRNcOgDrxWsMt2pAr23WHp6MrRlN7FBSFpCpr+oVO0F744iUgR82nJMfG2SA==",
        "dependencies": {}
      },
      "get-source@2.0.12": {
        "integrity": "sha512-X5+4+iD+HoSeEED+uwrQ07BOQr0kEDFMVqqpBuI+RaZBpBpHCuXxo70bjar6f0b0u/DQJsJ7ssurpP0V60Az+w==",
        "dependencies": {
          "data-uri-to-buffer": "data-uri-to-buffer@2.0.2",
          "source-map": "source-map@0.6.1"
        }
      },
      "glob-parent@5.1.2": {
        "integrity": "sha512-AOIgSQCepiJYwP3ARnGx+5VnTu2HBYdzbGP45eLw1vr3zB3vZLeyed1sC9hnbcOc9/SrMyM5RPQrkGz4aS9Zow==",
        "dependencies": {
          "is-glob": "is-glob@4.0.3"
        }
      },
      "glob-to-regexp@0.4.1": {
        "integrity": "sha512-lkX1HJXwyMcprw/5YUZc2s7DrpAiHB21/V+E1rHUrVNokkvB6bqMzT0VfV6/86ZNabt1k14YOIaT7nDvOX3Iiw==",
        "dependencies": {}
      },
      "hasown@2.0.2": {
        "integrity": "sha512-0hJU9SCPvmMzIBdZFqNPXWa6dqh7WdH0cII9y+CyS8rG3nL48Bclra9HmKhVVUHyPWNH5Y7xDwAB7bfgSjkUMQ==",
        "dependencies": {
          "function-bind": "function-bind@1.1.2"
        }
      },
      "html-rewriter-wasm@0.4.1": {
        "integrity": "sha512-lNovG8CMCCmcVB1Q7xggMSf7tqPCijZXaH4gL6iE8BFghdQCbaY5Met9i1x2Ex8m/cZHDUtXK9H6/znKamRP8Q==",
        "dependencies": {}
      },
      "is-binary-path@2.1.0": {
        "integrity": "sha512-ZMERYes6pDydyuGidse7OsHxtbI7WVeUEozgR/g7rd0xUimYNlvZRE/K2MgZTjWy725IfelLeVcEM97mmtRGXw==",
        "dependencies": {
          "binary-extensions": "binary-extensions@2.3.0"
        }
      },
      "is-core-module@2.14.0": {
        "integrity": "sha512-a5dFJih5ZLYlRtDc0dZWP7RiKr6xIKzmn/oAYCDvdLThadVgyJwlaoQPmRtMSpz+rk0OGAgIu+TcM9HUF0fk1A==",
        "dependencies": {
          "hasown": "hasown@2.0.2"
        }
      },
      "is-extglob@2.1.1": {
        "integrity": "sha512-SbKbANkN603Vi4jEZv49LeVJMn4yGwsbzZworEoyEiutsN3nJYdbO36zfhGJ6QEDpOZIFkDtnq5JRxmvl3jsoQ==",
        "dependencies": {}
      },
      "is-glob@4.0.3": {
        "integrity": "sha512-xelSayHH36ZgE7ZWhli7pW34hNbNl8Ojv5KVmkJD4hBdD3th8Tfk9vYasLM+mXWOZhFkgZfxhLSnrwRr4elSSg==",
        "dependencies": {
          "is-extglob": "is-extglob@2.1.1"
        }
      },
      "is-number@7.0.0": {
        "integrity": "sha512-41Cifkg6e8TylSpdtTpeLVMqvSBEVzTttHvERD741+pnZ8ANv0004MRL43QKPDlK9cGvNp6NZWZUBlbGXYxxng==",
        "dependencies": {}
      },
      "magic-string@0.25.9": {
        "integrity": "sha512-RmF0AsMzgt25qzqqLc1+MbHmhdx0ojF2Fvs4XnOqz2ZOBXzzkEwc/dJQZCYHAn7v1jbVOjAZfK8msRn4BxO4VQ==",
        "dependencies": {
          "sourcemap-codec": "sourcemap-codec@1.4.8"
        }
      },
      "mime@3.0.0": {
        "integrity": "sha512-jSCU7/VB1loIWBZe14aEYHU/+1UMEHoaO7qxCOVJOw9GgH72VAWppxNcjU+x9a2k3GSIBXNKxXQFqRvvZ7vr3A==",
        "dependencies": {}
      },
      "miniflare@3.20240620.0": {
        "integrity": "sha512-NBMzqUE2mMlh/hIdt6U5MP+aFhEjKDq3l8CAajXAQa1WkndJdciWvzB2mfLETwoVFhMl/lphaVzyEN2AgwJpbQ==",
        "dependencies": {
          "@cspotcode/source-map-support": "@cspotcode/source-map-support@0.8.1",
          "acorn": "acorn@8.12.0",
          "acorn-walk": "acorn-walk@8.3.3",
          "capnp-ts": "capnp-ts@0.7.0",
          "exit-hook": "exit-hook@2.2.1",
          "glob-to-regexp": "glob-to-regexp@0.4.1",
          "stoppable": "stoppable@1.1.0",
          "undici": "undici@5.28.4",
          "workerd": "workerd@1.20240620.1",
          "ws": "ws@8.17.1",
          "youch": "youch@3.3.3",
          "zod": "zod@3.23.8"
        }
      },
      "ms@2.1.2": {
        "integrity": "sha512-sGkPx+VjMtmA6MX27oA4FBFELFCZZ4S4XqeGOXCv68tT+jb3vk/RyaKWP0PTKyWtmLSM0b+adUTEvbs1PEaH2w==",
        "dependencies": {}
      },
      "mustache@4.2.0": {
        "integrity": "sha512-71ippSywq5Yb7/tVYyGbkBggbU8H3u5Rz56fH60jGFgr8uHwxs+aSKeqmluIVzM0m0kB7xQjKS6qPfd0b2ZoqQ==",
        "dependencies": {}
      },
      "nanoid@3.3.7": {
        "integrity": "sha512-eSRppjcPIatRIMC1U6UngP8XFcz8MQWGQdt1MTBQ7NaAmvXDfvNxbvWV3x2y6CdEUciCSsDHDQZbhYaB8QEo2g==",
        "dependencies": {}
      },
      "node-fetch-native@1.6.4": {
        "integrity": "sha512-IhOigYzAKHd244OC0JIMIUrjzctirCmPkaIfhDeGcEETWof5zKYUW7e7MYvChGWh/4CJeXEgsRyGzuF334rOOQ==",
        "dependencies": {}
      },
      "node-forge@1.3.1": {
        "integrity": "sha512-dPEtOeMvF9VMcYV/1Wb8CPoVAXtp6MKMlcbAt4ddqmGqUJ6fQZFXkNZNkNlfevtNkGtaSoXf/vNNNSvgrdXwtA==",
        "dependencies": {}
      },
      "normalize-path@3.0.0": {
        "integrity": "sha512-6eZs5Ls3WtCisHWp9S2GUy8dqkpGi4BVSz3GaqiE6ezub0512ESztXUwUB6C6IKbQkY2Pnb/mD4WYojCRwcwLA==",
        "dependencies": {}
      },
      "path-parse@1.0.7": {
        "integrity": "sha512-LDJzPVEEEPR+y48z93A0Ed0yXb8pAByGWo/k5YYdYgpY2/2EsOsksJrq7lOHxryrVOn1ejG6oAp8ahvOIQD8sw==",
        "dependencies": {}
      },
      "path-to-regexp@6.2.2": {
        "integrity": "sha512-GQX3SSMokngb36+whdpRXE+3f9V8UzyAorlYvOGx87ufGHehNTn5lCxrKtLyZ4Yl/wEKnNnr98ZzOwwDZV5ogw==",
        "dependencies": {}
      },
      "pathe@1.1.2": {
        "integrity": "sha512-whLdWMYL2TwI08hn8/ZqAbrVemu0LNaNNJZX73O6qaIdCTfXutsLhMkjdENX0qhsQ9uIimo4/aQOmXkoon2nDQ==",
        "dependencies": {}
      },
      "picomatch@2.3.1": {
        "integrity": "sha512-JU3teHTNjmE2VCGFzuY8EXzCDVwEqB2a8fsIvwaStHhAWJEeVd1o1QD80CU6+ZdEXXSLbSsuLwJjkCBWqRQUVA==",
        "dependencies": {}
      },
      "printable-characters@1.0.42": {
        "integrity": "sha512-dKp+C4iXWK4vVYZmYSd0KBH5F/h1HoZRsbJ82AVKRO3PEo8L4lBS/vLwhVtpwwuYcoIsVY+1JYKR268yn480uQ==",
        "dependencies": {}
      },
      "pure-rand@6.1.0": {
        "integrity": "sha512-bVWawvoZoBYpp6yIoQtQXHZjmz35RSVHnUOTefl8Vcjr8snTPY1wnpSPMWekcFwbxI6gtmT7rSYPFvz71ldiOA==",
        "dependencies": {}
      },
      "readdirp@3.6.0": {
        "integrity": "sha512-hOS089on8RduqdbhvQ5Z37A0ESjsqz6qnRcffsMU3495FuTdqSm+7bhJ29JvIOsBDEEnan5DPu9t3To9VRlMzA==",
        "dependencies": {
          "picomatch": "picomatch@2.3.1"
        }
      },
      "resolve.exports@2.0.2": {
        "integrity": "sha512-X2UW6Nw3n/aMgDVy+0rSqgHlv39WZAlZrXCdnbyEiKm17DSqHX4MmQMaST3FbeWR5FTuRcUwYAziZajji0Y7mg==",
        "dependencies": {}
      },
      "resolve@1.22.8": {
        "integrity": "sha512-oKWePCxqpd6FlLvGV1VU0x7bkPmmCNolxzjMf4NczoDnQcIWrAF+cPtZn5i6n+RfD2d9i0tzpKnG6Yk168yIyw==",
        "dependencies": {
          "is-core-module": "is-core-module@2.14.0",
          "path-parse": "path-parse@1.0.7",
          "supports-preserve-symlinks-flag": "supports-preserve-symlinks-flag@1.0.0"
        }
      },
      "rollup-plugin-inject@3.0.2": {
        "integrity": "sha512-ptg9PQwzs3orn4jkgXJ74bfs5vYz1NCZlSQMBUA0wKcGp5i5pA1AO3fOUEte8enhGUC+iapTCzEWw2jEFFUO/w==",
        "dependencies": {
          "estree-walker": "estree-walker@0.6.1",
          "magic-string": "magic-string@0.25.9",
          "rollup-pluginutils": "rollup-pluginutils@2.8.2"
        }
      },
      "rollup-plugin-node-polyfills@0.2.1": {
        "integrity": "sha512-4kCrKPTJ6sK4/gLL/U5QzVT8cxJcofO0OU74tnB19F40cmuAKSzH5/siithxlofFEjwvw1YAhPmbvGNA6jEroA==",
        "dependencies": {
          "rollup-plugin-inject": "rollup-plugin-inject@3.0.2"
        }
      },
      "rollup-pluginutils@2.8.2": {
        "integrity": "sha512-EEp9NhnUkwY8aif6bxgovPHMoMoNr2FulJziTndpt5H9RdwC47GSGuII9XxpSdzVGM0GWrNPHV6ie1LTNJPaLQ==",
        "dependencies": {
          "estree-walker": "estree-walker@0.6.1"
        }
      },
      "selfsigned@2.4.1": {
        "integrity": "sha512-th5B4L2U+eGLq1TVh7zNRGBapioSORUeymIydxgFpwww9d2qyKvtuPU2jJuHvYAwwqi2Y596QBL3eEqcPEYL8Q==",
        "dependencies": {
          "@types/node-forge": "@types/node-forge@1.3.11",
          "node-forge": "node-forge@1.3.1"
        }
      },
      "source-map@0.6.1": {
        "integrity": "sha512-UjgapumWlbMhkBgzT7Ykc5YXUT46F0iKu8SGXq0bcwP5dz/h0Plj6enJqjz1Zbq2l5WaqYnrVbwWOWMyF3F47g==",
        "dependencies": {}
      },
      "sourcemap-codec@1.4.8": {
        "integrity": "sha512-9NykojV5Uih4lgo5So5dtw+f0JgJX30KCNI8gwhz2J9A15wD0Ml6tjHKwf6fTSa6fAdVBdZeNOs9eJ71qCk8vA==",
        "dependencies": {}
      },
      "stacktracey@2.1.8": {
        "integrity": "sha512-Kpij9riA+UNg7TnphqjH7/CzctQ/owJGNbFkfEeve4Z4uxT5+JapVLFXcsurIfN34gnTWZNJ/f7NMG0E8JDzTw==",
        "dependencies": {
          "as-table": "as-table@1.0.55",
          "get-source": "get-source@2.0.12"
        }
      },
      "stoppable@1.1.0": {
        "integrity": "sha512-KXDYZ9dszj6bzvnEMRYvxgeTHU74QBFL54XKtP3nyMuJ81CFYtABZ3bAzL2EdFUaEwJOBOgENyFj3R7oTzDyyw==",
        "dependencies": {}
      },
      "supports-preserve-symlinks-flag@1.0.0": {
        "integrity": "sha512-ot0WnXS9fgdkgIcePe6RHNk1WA8+muPa6cSjeR3V8K27q9BB1rTE3R1p7Hv0z1ZyAc8s6Vvv8DIyWf681MAt0w==",
        "dependencies": {}
      },
      "to-data-view@2.0.0": {
        "integrity": "sha512-RGEM5KqlPHr+WVTPmGNAXNeFEmsBnlkxXaIfEpUYV0AST2Z5W1EGq9L/MENFrMMmL2WQr1wjkmZy/M92eKhjYA==",
        "dependencies": {}
      },
      "to-regex-range@5.0.1": {
        "integrity": "sha512-65P7iz6X5yEr1cwcgvQxbbIw7Uk3gOy5dIdtZ4rDveLqhrdJP+Li/Hx6tyK0NEb+2GCyneCMJiGqrADCSNk8sQ==",
        "dependencies": {
          "is-number": "is-number@7.0.0"
        }
      },
      "tslib@2.6.3": {
        "integrity": "sha512-xNvxJEOUiWPGhUuUdQgAJPKOOJfGnIyKySOc09XkKsgdUV/3E2zvwZYdejjmRgPCgcym1juLH3226yA7sEFJKQ==",
        "dependencies": {}
      },
      "ufo@1.5.3": {
        "integrity": "sha512-Y7HYmWaFwPUmkoQCUIAYpKqkOf+SbVj/2fJJZ4RJMCfZp0rTGwRbzQD+HghfnhKOjL9E01okqz+ncJskGYfBNw==",
        "dependencies": {}
      },
      "undici@5.28.4": {
        "integrity": "sha512-72RFADWFqKmUb2hmmvNODKL3p9hcB6Gt2DOQMis1SEBaV6a4MH8soBvzg+95CYhCKPFedut2JY9bMfrDl9D23g==",
        "dependencies": {
          "@fastify/busboy": "@fastify/busboy@2.1.1"
        }
      },
      "unenv-nightly@1.10.0-1717606461.a117952": {
        "integrity": "sha512-u3TfBX02WzbHTpaEfWEKwDijDSFAHcgXkayUZ+MVDrjhLFvgAJzFGTSTmwlEhwWi2exyRQey23ah9wELMM6etg==",
        "dependencies": {
          "consola": "consola@3.2.3",
          "defu": "defu@6.1.4",
          "mime": "mime@3.0.0",
          "node-fetch-native": "node-fetch-native@1.6.4",
          "pathe": "pathe@1.1.2",
          "ufo": "ufo@1.5.3"
        }
      },
      "workerd@1.20240620.1": {
        "integrity": "sha512-Qoq+RrFNk4pvEO+kpJVn8uJ5TRE9YJx5jX5pC5LjdKlw1XeD8EdXt5k0TbByvWunZ4qgYIcF9lnVxhcDFo203g==",
        "dependencies": {
          "@cloudflare/workerd-darwin-64": "@cloudflare/workerd-darwin-64@1.20240620.1",
          "@cloudflare/workerd-darwin-arm64": "@cloudflare/workerd-darwin-arm64@1.20240620.1",
          "@cloudflare/workerd-linux-64": "@cloudflare/workerd-linux-64@1.20240620.1",
          "@cloudflare/workerd-linux-arm64": "@cloudflare/workerd-linux-arm64@1.20240620.1",
          "@cloudflare/workerd-windows-64": "@cloudflare/workerd-windows-64@1.20240620.1"
        }
      },
      "wrangler@3.62.0_esbuild@0.17.19": {
        "integrity": "sha512-TM1Bd8+GzxFw/JzwsC3i/Oss4LTWvIEWXXo1vZhx+7PHcsxdbnQGBBwPurHNJDSu2Pw22+2pCZiUGKexmgJksw==",
        "dependencies": {
          "@cloudflare/kv-asset-handler": "@cloudflare/kv-asset-handler@0.3.4",
          "@esbuild-plugins/node-globals-polyfill": "@esbuild-plugins/node-globals-polyfill@0.2.3_esbuild@0.17.19",
          "@esbuild-plugins/node-modules-polyfill": "@esbuild-plugins/node-modules-polyfill@0.2.2_esbuild@0.17.19",
          "blake3-wasm": "blake3-wasm@2.1.5",
          "chokidar": "chokidar@3.6.0",
          "date-fns": "date-fns@3.6.0",
          "esbuild": "esbuild@0.17.19",
          "fsevents": "fsevents@2.3.3",
          "miniflare": "miniflare@3.20240620.0",
          "nanoid": "nanoid@3.3.7",
          "path-to-regexp": "path-to-regexp@6.2.2",
          "resolve": "resolve@1.22.8",
          "resolve.exports": "resolve.exports@2.0.2",
          "selfsigned": "selfsigned@2.4.1",
          "source-map": "source-map@0.6.1",
          "unenv": "unenv-nightly@1.10.0-1717606461.a117952",
          "xxhash-wasm": "xxhash-wasm@1.0.2"
        }
      },
      "ws@8.17.1": {
        "integrity": "sha512-6XQFvXTkbfUOZOKKILFG1PDK2NDQs4azKQl26T0YS5CxqWLgXajbPZ+h4gZekJyRqFU8pvnbAbbs/3TgRPy+GQ==",
        "dependencies": {}
      },
      "xxhash-wasm@1.0.2": {
        "integrity": "sha512-ibF0Or+FivM9lNrg+HGJfVX8WJqgo+kCLDc4vx6xMeTce7Aj+DLttKbxxRR/gNLSAelRc1omAPlJ77N/Jem07A==",
        "dependencies": {}
      },
      "youch@3.3.3": {
        "integrity": "sha512-qSFXUk3UZBLfggAW3dJKg0BMblG5biqSF8M34E06o5CSsZtH92u9Hqmj2RzGiHDi64fhe83+4tENFP2DB6t6ZA==",
        "dependencies": {
          "cookie": "cookie@0.5.0",
          "mustache": "mustache@4.2.0",
          "stacktracey": "stacktracey@2.1.8"
        }
      },
      "zod@3.23.8": {
        "integrity": "sha512-XBx9AXhXktjUqnepgTiE5flcKIYWi/rme0Eaj+5Y0lftuGBq+jyRu/md4WnuxqgP1ubdpNCsYEYPxrzVHD8d6g==",
        "dependencies": {}
      }
    }
  },
  "remote": {},
  "workspace": {
    "packageJson": {
      "dependencies": [
        "npm:@jsr/std__assert@^1.0.0-rc.2",
        "npm:@jsr/std__cli@^1.0.0-rc.1",
        "npm:@jsr/std__crypto@^1.0.0-rc.1",
        "npm:@jsr/std__encoding@^1.0.0-rc.2",
        "npm:@jsr/std__fmt@^0.225.4",
        "npm:@jsr/std__http@^0.224.5",
        "npm:@jsr/std__ini@^0.225.1",
        "npm:@jsr/std__media-types@^1.0.0-rc.1",
        "npm:@jsr/std__path@^1.0.0-rc.2",
        "npm:@noble/ciphers@^0.5.3",
        "npm:@noble/hashes@^1.4.0",
        "npm:@sntran/html-rewriter@^0.2.0",
        "npm:@sntran/serve@^0.0.1",
        "npm:aes-js@^3.1.2",
        "npm:base32-decode@^1.0.0",
        "npm:base32-encode@^2.0.0",
        "npm:fast-check@^3.19.0",
        "npm:wrangler@^3.62.0"
      ]
    }
  }
}
