{
  "name": "denolcr",
  "version": "0.1.0",
  "lockfileVersion": 3,
  "requires": true,
  "packages": {
    "": {
      "name": "denolcr",
      "version": "0.1.0",
      "license": "ISC",
      "dependencies": {
        "@noble/ciphers": "^0.5.3",
        "@noble/hashes": "^1.4.0",
        "@sntran/html-rewriter": "npm:@jsr/sntran__html-rewriter@^0.1.1",
        "@std/cli": "npm:@jsr/std__cli@^1.0.0-rc.1",
        "@std/crypto": "npm:@jsr/std__crypto@^1.0.0-rc.1",
        "@std/encoding": "npm:@jsr/std__encoding@^1.0.0-rc.2",
        "@std/fmt": "npm:@jsr/std__fmt@^0.225.4",
        "@std/http": "npm:@jsr/std__http@^0.224.5",
        "@std/ini": "npm:@jsr/std__ini@^0.225.1",
        "@std/media-types": "npm:@jsr/std__media-types@^1.0.0-rc.1",
        "@std/path": "npm:@jsr/std__path@^1.0.0-rc.2",
        "aes-js": "^3.1.2",
        "base32-decode": "^1.0.0",
        "base32-encode": "^2.0.0"
      },
      "bin": {
        "denolcr": "main.js"
      },
      "devDependencies": {
        "@std/assert": "npm:@jsr/std__assert@^1.0.0-rc.2",
        "fast-check": "^3.19.0"
      },
      "engines": {
        "deno": ">=1.44.0",
        "node": ">=22.2.0"
      }
    },
    "node_modules/@jsr/std__async": {
      "version": "1.0.0-rc.2",
      "resolved": "https://npm.jsr.io/~/11/@jsr/std__async/1.0.0-rc.2.tgz",
      "integrity": "sha512-mW3WDco4WkcsVhuwWRRRMSOW2odyXb1O80TMnfFjJZbxmlVXZKZmR9RkJvSQv8BcxopdZ3JCigkHNEmtRFsTXQ=="
    },
    "node_modules/@jsr/std__bytes": {
      "version": "1.0.0-rc.3",
      "resolved": "https://npm.jsr.io/~/11/@jsr/std__bytes/1.0.0-rc.3.tgz",
      "integrity": "sha512-4cHQrAO+8e6YcJVNHiPvkX9LVPhy4ugiatYUZnZ5kO1JG2dZia6wu9dYEsL6pInUQuBx9tFcPIowc0YmeNP+CQ=="
    },
    "node_modules/@jsr/std__cli": {
      "version": "0.224.7",
      "resolved": "https://npm.jsr.io/~/11/@jsr/std__cli/0.224.7.tgz",
      "integrity": "sha512-SSE7AMT/nqTUKeQXB+PZcmD6L5IjsOFDQdm88Ik2o6P4gS+gXewLMPZJu/X/gaOH5ux2C4xZ26Dgp3vCAIuB4g=="
    },
    "node_modules/@jsr/std__encoding": {
      "version": "1.0.0-rc.2",
      "resolved": "https://npm.jsr.io/~/11/@jsr/std__encoding/1.0.0-rc.2.tgz",
      "integrity": "sha512-ISvxD+exWVg/aESN3G1Tr0oszHRgUEEK1JjiRcuyCtd1uqSGXXMAoswYlYvPwA6mxZ7FQbFSZEbP3tN2J+fIUQ=="
    },
    "node_modules/@jsr/std__fmt": {
      "version": "0.225.4",
      "resolved": "https://npm.jsr.io/~/11/@jsr/std__fmt/0.225.4.tgz",
      "integrity": "sha512-lb8QcV3YnAu3GsrG7wd51Fb56RxOBp4szMRS/TCLnQptmF0Rd0v8ksQeTHmGkuD6MY/V8gEy/Sj0qulRvR9lqQ=="
    },
    "node_modules/@jsr/std__internal": {
      "version": "1.0.0",
      "resolved": "https://npm.jsr.io/~/11/@jsr/std__internal/1.0.0.tgz",
      "integrity": "sha512-6kp0FsXcHW4QvGYpOPAtglYSh/813OYKBP7RlH8VCaMyKwnWcRvcH+fhVc92RQ1a39Gh2XDwD6WGRYaFXZJxGw==",
      "dev": true
    },
    "node_modules/@jsr/std__io": {
      "version": "0.224.2",
      "resolved": "https://npm.jsr.io/~/11/@jsr/std__io/0.224.2.tgz",
      "integrity": "sha512-7IbtJWWM13TaXkZR3jL0LLkAbEaublLR6WSMZuzg58IACDGnzcmxKlI57KjEBTuawX4u6x7g8f6zRleuRpSXVA==",
      "dependencies": {
        "@jsr/std__bytes": "^1.0.0-rc.3"
      }
    },
    "node_modules/@jsr/std__media-types": {
      "version": "1.0.0-rc.1",
      "resolved": "https://npm.jsr.io/~/11/@jsr/std__media-types/1.0.0-rc.1.tgz",
      "integrity": "sha512-0UdhqMLempJi8rHXJ4xSsRs79gMIm+X8/jAcBxUa9sdbsRALM148t/c2JIRWN4S58LQVBRHNK3WYd/YgR4fLNA=="
    },
    "node_modules/@jsr/std__net": {
      "version": "0.224.3",
      "resolved": "https://npm.jsr.io/~/11/@jsr/std__net/0.224.3.tgz",
      "integrity": "sha512-67B6bpkMjNSWtEPLy/k4OpuCb65w+L0mf9Amp1E2uUs4nt31vZZazW8IUykE9+1sv0tDVxa8nFZ2p9VwdiLXaA=="
    },
    "node_modules/@jsr/std__path": {
      "version": "1.0.0-rc.2",
      "resolved": "https://npm.jsr.io/~/11/@jsr/std__path/1.0.0-rc.2.tgz",
      "integrity": "sha512-qUHfVMqAtMGPFmdkOfmkCONqgpe4UFVAaD+wL6ZdlQxtvQiNxHQWsje+djri+0095s/kkoBOPH4CpYxBq+zh3A=="
    },
    "node_modules/@jsr/std__streams": {
      "version": "0.224.5",
      "resolved": "https://npm.jsr.io/~/11/@jsr/std__streams/0.224.5.tgz",
      "integrity": "sha512-LWs0LfBcyj4VzE3ff1cwoEyJ3AkoIT3CQubxeA0YQr3KEC/c6xB9Rq9nVit8gZ8RgtbMDlyfPtN1MkwTgPFj+g==",
      "dependencies": {
        "@jsr/std__bytes": "^1.0.0-rc.3",
        "@jsr/std__io": "^0.224.1"
      }
    },
    "node_modules/@noble/ciphers": {
      "version": "0.5.3",
      "resolved": "https://registry.npmjs.org/@noble/ciphers/-/ciphers-0.5.3.tgz",
      "integrity": "sha512-B0+6IIHiqEs3BPMT0hcRmHvEj2QHOLu+uwt+tqDDeVd0oyVzh7BPrDcPjRnV1PV/5LaknXJJQvOuRGR0zQJz+w==",
      "funding": {
        "url": "https://paulmillr.com/funding/"
      }
    },
    "node_modules/@noble/hashes": {
      "version": "1.4.0",
      "resolved": "https://registry.npmjs.org/@noble/hashes/-/hashes-1.4.0.tgz",
      "integrity": "sha512-V1JJ1WTRUqHHrOSh597hURcMqVKVGL/ea3kv0gSnEdsEZ0/+VyPghM1lMNGc00z7CIQorSvbKpuJkxvuHbvdbg==",
      "engines": {
        "node": ">= 16"
      },
      "funding": {
        "url": "https://paulmillr.com/funding/"
      }
    },
    "node_modules/@sntran/html-rewriter": {
      "name": "@jsr/sntran__html-rewriter",
      "version": "0.1.1",
      "resolved": "https://npm.jsr.io/~/11/@jsr/sntran__html-rewriter/0.1.1.tgz",
      "integrity": "sha512-0uGu8RAt3D2hEjTsprB+aLwLirn1kS8QIFslU7lwAFldClWArBPGy4LJSGB8IcQsLxdUegQofT7iBvzR3bNrSA==",
      "dependencies": {
        "html-rewriter-wasm": "0.4.1"
      }
    },
    "node_modules/@std/assert": {
      "name": "@jsr/std__assert",
      "version": "1.0.0-rc.2",
      "resolved": "https://npm.jsr.io/~/11/@jsr/std__assert/1.0.0-rc.2.tgz",
      "integrity": "sha512-5ABr022bTpmYxOnbe9sIuxspk6HEmHOvifncPVigND27j+OHjvPwPRijsLnG/H9wZXS9CPeNRiHvrxw2WLGQiQ==",
      "dev": true,
      "dependencies": {
        "@jsr/std__internal": "^1.0.0"
      }
    },
    "node_modules/@std/cli": {
      "name": "@jsr/std__cli",
      "version": "1.0.0-rc.1",
      "resolved": "https://npm.jsr.io/~/11/@jsr/std__cli/1.0.0-rc.1.tgz",
      "integrity": "sha512-4MdEB0lsJgK99k+ykHVzc0szoe4DPGETpv+fqgFhpj2ipkjOV8oV2QiSknXcbHps0CkvC70Mx/+W2AJrdtNORg=="
    },
    "node_modules/@std/crypto": {
      "name": "@jsr/std__crypto",
      "version": "1.0.0-rc.1",
      "resolved": "https://npm.jsr.io/~/11/@jsr/std__crypto/1.0.0-rc.1.tgz",
      "integrity": "sha512-HdqxgBx468H2ePsUUEYh4dyABELe1qxt4r2qK4UAR4gBrLxPRMBmAkZD0E7n/kUYA7+LTtLZ7OOhjZoQ9PPgrQ=="
    },
    "node_modules/@std/encoding": {
      "name": "@jsr/std__encoding",
      "version": "1.0.0-rc.2",
      "resolved": "https://npm.jsr.io/~/11/@jsr/std__encoding/1.0.0-rc.2.tgz",
      "integrity": "sha512-ISvxD+exWVg/aESN3G1Tr0oszHRgUEEK1JjiRcuyCtd1uqSGXXMAoswYlYvPwA6mxZ7FQbFSZEbP3tN2J+fIUQ=="
    },
    "node_modules/@std/fmt": {
      "name": "@jsr/std__fmt",
      "version": "0.225.4",
      "resolved": "https://npm.jsr.io/~/11/@jsr/std__fmt/0.225.4.tgz",
      "integrity": "sha512-lb8QcV3YnAu3GsrG7wd51Fb56RxOBp4szMRS/TCLnQptmF0Rd0v8ksQeTHmGkuD6MY/V8gEy/Sj0qulRvR9lqQ=="
    },
    "node_modules/@std/http": {
      "name": "@jsr/std__http",
      "version": "0.224.5",
      "resolved": "https://npm.jsr.io/~/11/@jsr/std__http/0.224.5.tgz",
      "integrity": "sha512-PomDgsxwBoCkqTCG7e1Sz4QCAgNFhEGf71GWNercppQlgKtzp6zxsDgcJ4+vrqHIq5W8L1eqJWiceNkUUkMZjQ==",
      "dependencies": {
        "@jsr/std__async": "^1.0.0-rc.1",
        "@jsr/std__cli": "^0.224.7",
        "@jsr/std__encoding": "1.0.0-rc.2",
        "@jsr/std__fmt": "^0.225.4",
        "@jsr/std__media-types": "^1.0.0-rc.1",
        "@jsr/std__net": "^0.224.3",
        "@jsr/std__path": "1.0.0-rc.2",
        "@jsr/std__streams": "^0.224.5"
      }
    },
    "node_modules/@std/ini": {
      "name": "@jsr/std__ini",
      "version": "0.225.1",
      "resolved": "https://npm.jsr.io/~/11/@jsr/std__ini/0.225.1.tgz",
      "integrity": "sha512-K23bS0WRbZ2riDg9jQMnaJW4uW/KaQpFJZRmv8cGDL+7JhmMkI+yC3wm8zGxctggPR1+pxIXH0WmK44CbGkORQ=="
    },
    "node_modules/@std/media-types": {
      "name": "@jsr/std__media-types",
      "version": "1.0.0-rc.1",
      "resolved": "https://npm.jsr.io/~/11/@jsr/std__media-types/1.0.0-rc.1.tgz",
      "integrity": "sha512-0UdhqMLempJi8rHXJ4xSsRs79gMIm+X8/jAcBxUa9sdbsRALM148t/c2JIRWN4S58LQVBRHNK3WYd/YgR4fLNA=="
    },
    "node_modules/@std/path": {
      "name": "@jsr/std__path",
      "version": "1.0.0-rc.2",
      "resolved": "https://npm.jsr.io/~/11/@jsr/std__path/1.0.0-rc.2.tgz",
      "integrity": "sha512-qUHfVMqAtMGPFmdkOfmkCONqgpe4UFVAaD+wL6ZdlQxtvQiNxHQWsje+djri+0095s/kkoBOPH4CpYxBq+zh3A=="
    },
    "node_modules/aes-js": {
      "version": "3.1.2",
      "resolved": "https://registry.npmjs.org/aes-js/-/aes-js-3.1.2.tgz",
      "integrity": "sha512-e5pEa2kBnBOgR4Y/p20pskXI74UEz7de8ZGVo58asOtvSVG5YAbJeELPZxOmt+Bnz3rX753YKhfIn4X4l1PPRQ=="
    },
    "node_modules/base32-decode": {
      "version": "1.0.0",
      "resolved": "https://registry.npmjs.org/base32-decode/-/base32-decode-1.0.0.tgz",
      "integrity": "sha512-KNWUX/R7wKenwE/G/qFMzGScOgVntOmbE27vvc6GrniDGYb6a5+qWcuoXl8WIOQL7q0TpK7nZDm1Y04Yi3Yn5g=="
    },
    "node_modules/base32-encode": {
      "version": "2.0.0",
      "resolved": "https://registry.npmjs.org/base32-encode/-/base32-encode-2.0.0.tgz",
      "integrity": "sha512-mlmkfc2WqdDtMl/id4qm3A7RjW6jxcbAoMjdRmsPiwQP0ufD4oXItYMnPgVHe80lnAIy+1xwzhHE1s4FoIceSw==",
      "dependencies": {
        "to-data-view": "^2.0.0"
      },
      "engines": {
        "node": "^12.20.0 || ^14.13.1 || >=16.0.0"
      }
    },
    "node_modules/fast-check": {
      "version": "3.19.0",
      "resolved": "https://registry.npmjs.org/fast-check/-/fast-check-3.19.0.tgz",
      "integrity": "sha512-CO2JX/8/PT9bDGO1iXa5h5ey1skaKI1dvecERyhH4pp3PGjwd3KIjMAXEg79Ps9nclsdt4oPbfqiAnLU0EwrAQ==",
      "dev": true,
      "funding": [
        {
          "type": "individual",
          "url": "https://github.com/sponsors/dubzzz"
        },
        {
          "type": "opencollective",
          "url": "https://opencollective.com/fast-check"
        }
      ],
      "dependencies": {
        "pure-rand": "^6.1.0"
      },
      "engines": {
        "node": ">=8.0.0"
      }
    },
    "node_modules/html-rewriter-wasm": {
      "version": "0.4.1",
      "resolved": "https://registry.npmjs.org/html-rewriter-wasm/-/html-rewriter-wasm-0.4.1.tgz",
      "integrity": "sha512-lNovG8CMCCmcVB1Q7xggMSf7tqPCijZXaH4gL6iE8BFghdQCbaY5Met9i1x2Ex8m/cZHDUtXK9H6/znKamRP8Q=="
    },
    "node_modules/pure-rand": {
      "version": "6.1.0",
      "resolved": "https://registry.npmjs.org/pure-rand/-/pure-rand-6.1.0.tgz",
      "integrity": "sha512-bVWawvoZoBYpp6yIoQtQXHZjmz35RSVHnUOTefl8Vcjr8snTPY1wnpSPMWekcFwbxI6gtmT7rSYPFvz71ldiOA==",
      "dev": true,
      "funding": [
        {
          "type": "individual",
          "url": "https://github.com/sponsors/dubzzz"
        },
        {
          "type": "opencollective",
          "url": "https://opencollective.com/fast-check"
        }
      ]
    },
    "node_modules/to-data-view": {
      "version": "2.0.0",
      "resolved": "https://registry.npmjs.org/to-data-view/-/to-data-view-2.0.0.tgz",
      "integrity": "sha512-RGEM5KqlPHr+WVTPmGNAXNeFEmsBnlkxXaIfEpUYV0AST2Z5W1EGq9L/MENFrMMmL2WQr1wjkmZy/M92eKhjYA==",
      "engines": {
        "node": "^12.20.0 || ^14.13.1 || >=16.0.0"
      }
    }
  }
}
